# This file is automatically @generated by Wally.
# It is not intended for manual editing.
registry = "test"

[[package]]
name = "afliex/remoteeventwrapper"
version = "0.1.0"
dependencies = [["goodsignal", "stravant/goodsignal@0.3.1"]]

[[package]]
name = "stravant/goodsignal"
version = "0.3.1"
dependencies = []
